
Microsoft Visual Studio Solution File, Format Version 12.00
# Visual Studio Version 17
VisualStudioVersion = 17.5.33516.290
MinimumVisualStudioVersion = 10.0.40219.1
Project("{FAE04EC0-301F-11D3-BF4B-00C04F79EFBC}") = "FacturaciónProductos", "FacturaciónProductos\FacturaciónProductos.csproj", "{EB8728B4-59FF-4448-96ED-3E45FA42808D}"
EndProject
Global
	GlobalSection(SolutionConfigurationPlatforms) = preSolution
		Debug|Any CPU = Debug|Any CPU
		Release|Any CPU = Release|Any CPU
	EndGlobalSection
	GlobalSection(ProjectConfigurationPlatforms) = postSolution
		{EB8728B4-59FF-4448-96ED-3E45FA42808D}.Debug|Any CPU.ActiveCfg = Debug|Any CPU
		{EB8728B4-59FF-4448-96ED-3E45FA42808D}.Debug|Any CPU.Build.0 = Debug|Any CPU
		{EB8728B4-59FF-4448-96ED-3E45FA42808D}.Release|Any CPU.ActiveCfg = Release|Any CPU
		{EB8728B4-59FF-4448-96ED-3E45FA42808D}.Release|Any CPU.Build.0 = Release|Any CPU
	EndGlobalSection
	GlobalSection(SolutionProperties) = preSolution
		HideSolutionNode = FALSE
	EndGlobalSection
	GlobalSection(ExtensibilityGlobals) = postSolution
		SolutionGuid = {5B418FE6-B90A-4B1C-B12D-42966F4FAB2C}
	EndGlobalSection
EndGlobal
